
Microsoft Visual Studio Solution File, Format Version 12.00
# Visual Studio Version 17
VisualStudioVersion = 17.5.33530.505
MinimumVisualStudioVersion = 10.0.40219.1
Project("{FAE04EC0-301F-11D3-BF4B-00C04F79EFBC}") = "FileVerify", "FileVerify.csproj", "{50E916E0-0A0A-4646-8D33-539D49BB6431}"
EndProject
Global
	GlobalSection(SolutionConfigurationPlatforms) = preSolution
		Debug|Any CPU = Debug|Any CPU
		Release|Any CPU = Release|Any CPU
	EndGlobalSection
	GlobalSection(ProjectConfigurationPlatforms) = postSolution
		{50E916E0-0A0A-4646-8D33-539D49BB6431}.Debug|Any CPU.ActiveCfg = Debug|Any CPU
		{50E916E0-0A0A-4646-8D33-539D49BB6431}.Debug|Any CPU.Build.0 = Debug|Any CPU
		{50E916E0-0A0A-4646-8D33-539D49BB6431}.Release|Any CPU.ActiveCfg = Release|Any CPU
		{50E916E0-0A0A-4646-8D33-539D49BB6431}.Release|Any CPU.Build.0 = Release|Any CPU
	EndGlobalSection
	GlobalSection(SolutionProperties) = preSolution
		HideSolutionNode = FALSE
	EndGlobalSection
	GlobalSection(ExtensibilityGlobals) = postSolution
		SolutionGuid = {11A26E37-0CC0-42C9-AEB7-C4F150C63A89}
	EndGlobalSection
EndGlobal
